// !$*UTF8*$!
{
	archiveVersion = 1;
	classes = {
	};
	objectVersion = 50;
	objects = {

/* Begin PBXBuildFile section */
		019D54A426635BD200E4BB86 /* AppDelegate.swift in Sources */ = {isa = PBXBuildFile; fileRef = 019D54A326635BD200E4BB86 /* AppDelegate.swift */; };
		019D54A626635BD200E4BB86 /* SceneDelegate.swift in Sources */ = {isa = PBXBuildFile; fileRef = 019D54A526635BD200E4BB86 /* SceneDelegate.swift */; };
		019D54A826635BD200E4BB86 /* ViewController.swift in Sources */ = {isa = PBXBuildFile; fileRef = 019D54A726635BD200E4BB86 /* ViewController.swift */; };
		019D54AB26635BD200E4BB86 /* Main.storyboard in Resources */ = {isa = PBXBuildFile; fileRef = 019D54A926635BD200E4BB86 /* Main.storyboard */; };
		019D54AE26635BD200E4BB86 /* quotebook.xcdatamodeld in Sources */ = {isa = PBXBuildFile; fileRef = 019D54AC26635BD200E4BB86 /* quotebook.xcdatamodeld */; };
		019D54B026635BD300E4BB86 /* Assets.xcassets in Resources */ = {isa = PBXBuildFile; fileRef = 019D54AF26635BD300E4BB86 /* Assets.xcassets */; };
		019D54B326635BD300E4BB86 /* LaunchScreen.storyboard in Resources */ = {isa = PBXBuildFile; fileRef = 019D54B126635BD300E4BB86 /* LaunchScreen.storyboard */; };
		019D54BE26635BD300E4BB86 /* quotebookTests.swift in Sources */ = {isa = PBXBuildFile; fileRef = 019D54BD26635BD300E4BB86 /* quotebookTests.swift */; };
		019D54C926635BD400E4BB86 /* quotebookUITests.swift in Sources */ = {isa = PBXBuildFile; fileRef = 019D54C826635BD400E4BB86 /* quotebookUITests.swift */; };
		019D54D826635C4300E4BB86 /* Quotes.swift in Sources */ = {isa = PBXBuildFile; fileRef = 019D54D726635C4300E4BB86 /* Quotes.swift */; };
		019D54DA26635FA800E4BB86 /* DataOps.swift in Sources */ = {isa = PBXBuildFile; fileRef = 019D54D926635FA800E4BB86 /* DataOps.swift */; };
		019D54DC266366F800E4BB86 /* Colors.swift in Sources */ = {isa = PBXBuildFile; fileRef = 019D54DB266366F800E4BB86 /* Colors.swift */; };
		019D54DF26636A2500E4BB86 /* Circle.swift in Sources */ = {isa = PBXBuildFile; fileRef = 019D54DE26636A2500E4BB86 /* Circle.swift */; };
		019D54E1266374B500E4BB86 /* NavBar.swift in Sources */ = {isa = PBXBuildFile; fileRef = 019D54E0266374B500E4BB86 /* NavBar.swift */; };
		019D54E42663789500E4BB86 /* ProximaNova-Regular.otf in Resources */ = {isa = PBXBuildFile; fileRef = 019D54E32663789500E4BB86 /* ProximaNova-Regular.otf */; };
		019D54E62663789F00E4BB86 /* ProximaNova-Bold.otf in Resources */ = {isa = PBXBuildFile; fileRef = 019D54E52663789F00E4BB86 /* ProximaNova-Bold.otf */; };
		019D54E82663791600E4BB86 /* Fonts.swift in Sources */ = {isa = PBXBuildFile; fileRef = 019D54E72663791600E4BB86 /* Fonts.swift */; };
		019D54EA26637AA500E4BB86 /* QuoteView.swift in Sources */ = {isa = PBXBuildFile; fileRef = 019D54E926637AA500E4BB86 /* QuoteView.swift */; };
		019D54EC26637D3700E4BB86 /* Proxima Nova Thin.otf in Resources */ = {isa = PBXBuildFile; fileRef = 019D54EB26637D3700E4BB86 /* Proxima Nova Thin.otf */; };
/* End PBXBuildFile section */

/* Begin PBXContainerItemProxy section */
		019D54BA26635BD300E4BB86 /* PBXContainerItemProxy */ = {
			isa = PBXContainerItemProxy;
			containerPortal = 019D549826635BD200E4BB86 /* Project object */;
			proxyType = 1;
			remoteGlobalIDString = 019D549F26635BD200E4BB86;
			remoteInfo = quotebook;
		};
		019D54C526635BD400E4BB86 /* PBXContainerItemProxy */ = {
			isa = PBXContainerItemProxy;
			containerPortal = 019D549826635BD200E4BB86 /* Project object */;
			proxyType = 1;
			remoteGlobalIDString = 019D549F26635BD200E4BB86;
			remoteInfo = quotebook;
		};
/* End PBXContainerItemProxy section */

/* Begin PBXFileReference section */
		019D54A026635BD200E4BB86 /* quotebook.app */ = {isa = PBXFileReference; explicitFileType = wrapper.application; includeInIndex = 0; path = quotebook.app; sourceTree = BUILT_PRODUCTS_DIR; };
		019D54A326635BD200E4BB86 /* AppDelegate.swift */ = {isa = PBXFileReference; lastKnownFileType = sourcecode.swift; path = AppDelegate.swift; sourceTree = "<group>"; };
		019D54A526635BD200E4BB86 /* SceneDelegate.swift */ = {isa = PBXFileReference; lastKnownFileType = sourcecode.swift; path = SceneDelegate.swift; sourceTree = "<group>"; };
		019D54A726635BD200E4BB86 /* ViewController.swift */ = {isa = PBXFileReference; lastKnownFileType = sourcecode.swift; path = ViewController.swift; sourceTree = "<group>"; };
		019D54AA26635BD200E4BB86 /* Base */ = {isa = PBXFileReference; lastKnownFileType = file.storyboard; name = Base; path = Base.lproj/Main.storyboard; sourceTree = "<group>"; };
		019D54AD26635BD200E4BB86 /* quotebook.xcdatamodel */ = {isa = PBXFileReference; lastKnownFileType = wrapper.xcdatamodel; path = quotebook.xcdatamodel; sourceTree = "<group>"; };
		019D54AF26635BD300E4BB86 /* Assets.xcassets */ = {isa = PBXFileReference; lastKnownFileType = folder.assetcatalog; path = Assets.xcassets; sourceTree = "<group>"; };
		019D54B226635BD300E4BB86 /* Base */ = {isa = PBXFileReference; lastKnownFileType = file.storyboard; name = Base; path = Base.lproj/LaunchScreen.storyboard; sourceTree = "<group>"; };
		019D54B426635BD300E4BB86 /* Info.plist */ = {isa = PBXFileReference; lastKnownFileType = text.plist.xml; path = Info.plist; sourceTree = "<group>"; };
		019D54B926635BD300E4BB86 /* quotebookTests.xctest */ = {isa = PBXFileReference; explicitFileType = wrapper.cfbundle; includeInIndex = 0; path = quotebookTests.xctest; sourceTree = BUILT_PRODUCTS_DIR; };
		019D54BD26635BD300E4BB86 /* quotebookTests.swift */ = {isa = PBXFileReference; lastKnownFileType = sourcecode.swift; path = quotebookTests.swift; sourceTree = "<group>"; };
		019D54BF26635BD300E4BB86 /* Info.plist */ = {isa = PBXFileReference; lastKnownFileType = text.plist.xml; path = Info.plist; sourceTree = "<group>"; };
		019D54C426635BD400E4BB86 /* quotebookUITests.xctest */ = {isa = PBXFileReference; explicitFileType = wrapper.cfbundle; includeInIndex = 0; path = quotebookUITests.xctest; sourceTree = BUILT_PRODUCTS_DIR; };
		019D54C826635BD400E4BB86 /* quotebookUITests.swift */ = {isa = PBXFileReference; lastKnownFileType = sourcecode.swift; path = quotebookUITests.swift; sourceTree = "<group>"; };
		019D54CA26635BD400E4BB86 /* Info.plist */ = {isa = PBXFileReference; lastKnownFileType = text.plist.xml; path = Info.plist; sourceTree = "<group>"; };
		019D54D726635C4300E4BB86 /* Quotes.swift */ = {isa = PBXFileReference; lastKnownFileType = sourcecode.swift; path = Quotes.swift; sourceTree = "<group>"; };
		019D54D926635FA800E4BB86 /* DataOps.swift */ = {isa = PBXFileReference; lastKnownFileType = sourcecode.swift; path = DataOps.swift; sourceTree = "<group>"; };
		019D54DB266366F800E4BB86 /* Colors.swift */ = {isa = PBXFileReference; lastKnownFileType = sourcecode.swift; path = Colors.swift; sourceTree = "<group>"; };
		019D54DE26636A2500E4BB86 /* Circle.swift */ = {isa = PBXFileReference; lastKnownFileType = sourcecode.swift; path = Circle.swift; sourceTree = "<group>"; };
		019D54E0266374B500E4BB86 /* NavBar.swift */ = {isa = PBXFileReference; lastKnownFileType = sourcecode.swift; path = NavBar.swift; sourceTree = "<group>"; };
		019D54E32663789500E4BB86 /* ProximaNova-Regular.otf */ = {isa = PBXFileReference; lastKnownFileType = file; path = "ProximaNova-Regular.otf"; sourceTree = "<group>"; };
		019D54E52663789F00E4BB86 /* ProximaNova-Bold.otf */ = {isa = PBXFileReference; lastKnownFileType = file; path = "ProximaNova-Bold.otf"; sourceTree = "<group>"; };
		019D54E72663791600E4BB86 /* Fonts.swift */ = {isa = PBXFileReference; lastKnownFileType = sourcecode.swift; path = Fonts.swift; sourceTree = "<group>"; };
		019D54E926637AA500E4BB86 /* QuoteView.swift */ = {isa = PBXFileReference; lastKnownFileType = sourcecode.swift; path = QuoteView.swift; sourceTree = "<group>"; };
		019D54EB26637D3700E4BB86 /* Proxima Nova Thin.otf */ = {isa = PBXFileReference; lastKnownFileType = file; path = "Proxima Nova Thin.otf"; sourceTree = "<group>"; };
/* End PBXFileReference section */

/* Begin PBXFrameworksBuildPhase section */
		019D549D26635BD200E4BB86 /* Frameworks */ = {
			isa = PBXFrameworksBuildPhase;
			buildActionMask = 2147483647;
			files = (
			);
			runOnlyForDeploymentPostprocessing = 0;
		};
		019D54B626635BD300E4BB86 /* Frameworks */ = {
			isa = PBXFrameworksBuildPhase;
			buildActionMask = 2147483647;
			files = (
			);
			runOnlyForDeploymentPostprocessing = 0;
		};
		019D54C126635BD300E4BB86 /* Frameworks */ = {
			isa = PBXFrameworksBuildPhase;
			buildActionMask = 2147483647;
			files = (
			);
			runOnlyForDeploymentPostprocessing = 0;
		};
/* End PBXFrameworksBuildPhase section */

/* Begin PBXGroup section */
		019D549726635BD200E4BB86 = {
			isa = PBXGroup;
			children = (
				019D54A226635BD200E4BB86 /* quotebook */,
				019D54BC26635BD300E4BB86 /* quotebookTests */,
				019D54C726635BD400E4BB86 /* quotebookUITests */,
				019D54A126635BD200E4BB86 /* Products */,
			);
			sourceTree = "<group>";
		};
		019D54A126635BD200E4BB86 /* Products */ = {
			isa = PBXGroup;
			children = (
				019D54A026635BD200E4BB86 /* quotebook.app */,
				019D54B926635BD300E4BB86 /* quotebookTests.xctest */,
				019D54C426635BD400E4BB86 /* quotebookUITests.xctest */,
			);
			name = Products;
			sourceTree = "<group>";
		};
		019D54A226635BD200E4BB86 /* quotebook */ = {
			isa = PBXGroup;
			children = (
				019D54E22663787B00E4BB86 /* Fonts */,
				019D54DD26636A1100E4BB86 /* Components */,
				019D54D626635C3200E4BB86 /* Model */,
				019D54A326635BD200E4BB86 /* AppDelegate.swift */,
				019D54A526635BD200E4BB86 /* SceneDelegate.swift */,
				019D54A726635BD200E4BB86 /* ViewController.swift */,
				019D54A926635BD200E4BB86 /* Main.storyboard */,
				019D54AF26635BD300E4BB86 /* Assets.xcassets */,
				019D54B126635BD300E4BB86 /* LaunchScreen.storyboard */,
				019D54B426635BD300E4BB86 /* Info.plist */,
				019D54AC26635BD200E4BB86 /* quotebook.xcdatamodeld */,
			);
			path = quotebook;
			sourceTree = "<group>";
		};
		019D54BC26635BD300E4BB86 /* quotebookTests */ = {
			isa = PBXGroup;
			children = (
				019D54BD26635BD300E4BB86 /* quotebookTests.swift */,
				019D54BF26635BD300E4BB86 /* Info.plist */,
			);
			path = quotebookTests;
			sourceTree = "<group>";
		};
		019D54C726635BD400E4BB86 /* quotebookUITests */ = {
			isa = PBXGroup;
			children = (
				019D54C826635BD400E4BB86 /* quotebookUITests.swift */,
				019D54CA26635BD400E4BB86 /* Info.plist */,
			);
			path = quotebookUITests;
			sourceTree = "<group>";
		};
		019D54D626635C3200E4BB86 /* Model */ = {
			isa = PBXGroup;
			children = (
				019D54D726635C4300E4BB86 /* Quotes.swift */,
				019D54D926635FA800E4BB86 /* DataOps.swift */,
				019D54DB266366F800E4BB86 /* Colors.swift */,
				019D54E72663791600E4BB86 /* Fonts.swift */,
			);
			path = Model;
			sourceTree = "<group>";
		};
		019D54DD26636A1100E4BB86 /* Components */ = {
			isa = PBXGroup;
			children = (
				019D54DE26636A2500E4BB86 /* Circle.swift */,
				019D54E0266374B500E4BB86 /* NavBar.swift */,
				019D54E926637AA500E4BB86 /* QuoteView.swift */,
			);
			path = Components;
			sourceTree = "<group>";
		};
		019D54E22663787B00E4BB86 /* Fonts */ = {
			isa = PBXGroup;
			children = (
				019D54E32663789500E4BB86 /* ProximaNova-Regular.otf */,
				019D54E52663789F00E4BB86 /* ProximaNova-Bold.otf */,
				019D54EB26637D3700E4BB86 /* Proxima Nova Thin.otf */,
			);
			path = Fonts;
			sourceTree = "<group>";
		};
/* End PBXGroup section */

/* Begin PBXNativeTarget section */
		019D549F26635BD200E4BB86 /* quotebook */ = {
			isa = PBXNativeTarget;
			buildConfigurationList = 019D54CD26635BD400E4BB86 /* Build configuration list for PBXNativeTarget "quotebook" */;
			buildPhases = (
				019D549C26635BD200E4BB86 /* Sources */,
				019D549D26635BD200E4BB86 /* Frameworks */,
				019D549E26635BD200E4BB86 /* Resources */,
			);
			buildRules = (
			);
			dependencies = (
			);
			name = quotebook;
			productName = quotebook;
			productReference = 019D54A026635BD200E4BB86 /* quotebook.app */;
			productType = "com.apple.product-type.application";
		};
		019D54B826635BD300E4BB86 /* quotebookTests */ = {
			isa = PBXNativeTarget;
			buildConfigurationList = 019D54D026635BD400E4BB86 /* Build configuration list for PBXNativeTarget "quotebookTests" */;
			buildPhases = (
				019D54B526635BD300E4BB86 /* Sources */,
				019D54B626635BD300E4BB86 /* Frameworks */,
				019D54B726635BD300E4BB86 /* Resources */,
			);
			buildRules = (
			);
			dependencies = (
				019D54BB26635BD300E4BB86 /* PBXTargetDependency */,
			);
			name = quotebookTests;
			productName = quotebookTests;
			productReference = 019D54B926635BD300E4BB86 /* quotebookTests.xctest */;
			productType = "com.apple.product-type.bundle.unit-test";
		};
		019D54C326635BD300E4BB86 /* quotebookUITests */ = {
			isa = PBXNativeTarget;
			buildConfigurationList = 019D54D326635BD400E4BB86 /* Build configuration list for PBXNativeTarget "quotebookUITests" */;
			buildPhases = (
				019D54C026635BD300E4BB86 /* Sources */,
				019D54C126635BD300E4BB86 /* Frameworks */,
				019D54C226635BD300E4BB86 /* Resources */,
			);
			buildRules = (
			);
			dependencies = (
				019D54C626635BD400E4BB86 /* PBXTargetDependency */,
			);
			name = quotebookUITests;
			productName = quotebookUITests;
			productReference = 019D54C426635BD400E4BB86 /* quotebookUITests.xctest */;
			productType = "com.apple.product-type.bundle.ui-testing";
		};
/* End PBXNativeTarget section */

/* Begin PBXProject section */
		019D549826635BD200E4BB86 /* Project object */ = {
			isa = PBXProject;
			attributes = {
				LastSwiftUpdateCheck = 1250;
				LastUpgradeCheck = 1250;
				TargetAttributes = {
					019D549F26635BD200E4BB86 = {
						CreatedOnToolsVersion = 12.5;
					};
					019D54B826635BD300E4BB86 = {
						CreatedOnToolsVersion = 12.5;
						TestTargetID = 019D549F26635BD200E4BB86;
					};
					019D54C326635BD300E4BB86 = {
						CreatedOnToolsVersion = 12.5;
						TestTargetID = 019D549F26635BD200E4BB86;
					};
				};
			};
			buildConfigurationList = 019D549B26635BD200E4BB86 /* Build configuration list for PBXProject "quotebook" */;
			compatibilityVersion = "Xcode 9.3";
			developmentRegion = en;
			hasScannedForEncodings = 0;
			knownRegions = (
				en,
				Base,
			);
			mainGroup = 019D549726635BD200E4BB86;
			productRefGroup = 019D54A126635BD200E4BB86 /* Products */;
			projectDirPath = "";
			projectRoot = "";
			targets = (
				019D549F26635BD200E4BB86 /* quotebook */,
				019D54B826635BD300E4BB86 /* quotebookTests */,
				019D54C326635BD300E4BB86 /* quotebookUITests */,
			);
		};
/* End PBXProject section */

/* Begin PBXResourcesBuildPhase section */
		019D549E26635BD200E4BB86 /* Resources */ = {
			isa = PBXResourcesBuildPhase;
			buildActionMask = 2147483647;
			files = (
				019D54B326635BD300E4BB86 /* LaunchScreen.storyboard in Resources */,
				019D54EC26637D3700E4BB86 /* Proxima Nova Thin.otf in Resources */,
				019D54E42663789500E4BB86 /* ProximaNova-Regular.otf in Resources */,
				019D54B026635BD300E4BB86 /* Assets.xcassets in Resources */,
				019D54AB26635BD200E4BB86 /* Main.storyboard in Resources */,
				019D54E62663789F00E4BB86 /* ProximaNova-Bold.otf in Resources */,
			);
			runOnlyForDeploymentPostprocessing = 0;
		};
		019D54B726635BD300E4BB86 /* Resources */ = {
			isa = PBXResourcesBuildPhase;
			buildActionMask = 2147483647;
			files = (
			);
			runOnlyForDeploymentPostprocessing = 0;
		};
		019D54C226635BD300E4BB86 /* Resources */ = {
			isa = PBXResourcesBuildPhase;
			buildActionMask = 2147483647;
			files = (
			);
			runOnlyForDeploymentPostprocessing = 0;
		};
/* End PBXResourcesBuildPhase section */

/* Begin PBXSourcesBuildPhase section */
		019D549C26635BD200E4BB86 /* Sources */ = {
			isa = PBXSourcesBuildPhase;
			buildActionMask = 2147483647;
			files = (
				019D54A826635BD200E4BB86 /* ViewController.swift in Sources */,
				019D54DF26636A2500E4BB86 /* Circle.swift in Sources */,
				019D54E1266374B500E4BB86 /* NavBar.swift in Sources */,
				019D54A426635BD200E4BB86 /* AppDelegate.swift in Sources */,
				019D54DA26635FA800E4BB86 /* DataOps.swift in Sources */,
				019D54DC266366F800E4BB86 /* Colors.swift in Sources */,
				019D54EA26637AA500E4BB86 /* QuoteView.swift in Sources */,
				019D54E82663791600E4BB86 /* Fonts.swift in Sources */,
				019D54D826635C4300E4BB86 /* Quotes.swift in Sources */,
				019D54A626635BD200E4BB86 /* SceneDelegate.swift in Sources */,
				019D54AE26635BD200E4BB86 /* quotebook.xcdatamodeld in Sources */,
			);
			runOnlyForDeploymentPostprocessing = 0;
		};
		019D54B526635BD300E4BB86 /* Sources */ = {
			isa = PBXSourcesBuildPhase;
			buildActionMask = 2147483647;
			files = (
				019D54BE26635BD300E4BB86 /* quotebookTests.swift in Sources */,
			);
			runOnlyForDeploymentPostprocessing = 0;
		};
		019D54C026635BD300E4BB86 /* Sources */ = {
			isa = PBXSourcesBuildPhase;
			buildActionMask = 2147483647;
			files = (
				019D54C926635BD400E4BB86 /* quotebookUITests.swift in Sources */,
			);
			runOnlyForDeploymentPostprocessing = 0;
		};
/* End PBXSourcesBuildPhase section */

/* Begin PBXTargetDependency section */
		019D54BB26635BD300E4BB86 /* PBXTargetDependency */ = {
			isa = PBXTargetDependency;
			target = 019D549F26635BD200E4BB86 /* quotebook */;
			targetProxy = 019D54BA26635BD300E4BB86 /* PBXContainerItemProxy */;
		};
		019D54C626635BD400E4BB86 /* PBXTargetDependency */ = {
			isa = PBXTargetDependency;
			target = 019D549F26635BD200E4BB86 /* quotebook */;
			targetProxy = 019D54C526635BD400E4BB86 /* PBXContainerItemProxy */;
		};
/* End PBXTargetDependency section */

/* Begin PBXVariantGroup section */
		019D54A926635BD200E4BB86 /* Main.storyboard */ = {
			isa = PBXVariantGroup;
			children = (
				019D54AA26635BD200E4BB86 /* Base */,
			);
			name = Main.storyboard;
			sourceTree = "<group>";
		};
		019D54B126635BD300E4BB86 /* LaunchScreen.storyboard */ = {
			isa = PBXVariantGroup;
			children = (
				019D54B226635BD300E4BB86 /* Base */,
			);
			name = LaunchScreen.storyboard;
			sourceTree = "<group>";
		};
/* End PBXVariantGroup section */

/* Begin XCBuildConfiguration section */
		019D54CB26635BD400E4BB86 /* Debug */ = {
			isa = XCBuildConfiguration;
			buildSettings = {
				ALWAYS_SEARCH_USER_PATHS = NO;
				CLANG_ANALYZER_NONNULL = YES;
				CLANG_ANALYZER_NUMBER_OBJECT_CONVERSION = YES_AGGRESSIVE;
				CLANG_CXX_LANGUAGE_STANDARD = "gnu++14";
				CLANG_CXX_LIBRARY = "libc++";
				CLANG_ENABLE_MODULES = YES;
				CLANG_ENABLE_OBJC_ARC = YES;
				CLANG_ENABLE_OBJC_WEAK = YES;
				CLANG_WARN_BLOCK_CAPTURE_AUTORELEASING = YES;
				CLANG_WARN_BOOL_CONVERSION = YES;
				CLANG_WARN_COMMA = YES;
				CLANG_WARN_CONSTANT_CONVERSION = YES;
				CLANG_WARN_DEPRECATED_OBJC_IMPLEMENTATIONS = YES;
				CLANG_WARN_DIRECT_OBJC_ISA_USAGE = YES_ERROR;
				CLANG_WARN_DOCUMENTATION_COMMENTS = YES;
				CLANG_WARN_EMPTY_BODY = YES;
				CLANG_WARN_ENUM_CONVERSION = YES;
				CLANG_WARN_INFINITE_RECURSION = YES;
				CLANG_WARN_INT_CONVERSION = YES;
				CLANG_WARN_NON_LITERAL_NULL_CONVERSION = YES;
				CLANG_WARN_OBJC_IMPLICIT_RETAIN_SELF = YES;
				CLANG_WARN_OBJC_LITERAL_CONVERSION = YES;
				CLANG_WARN_OBJC_ROOT_CLASS = YES_ERROR;
				CLANG_WARN_QUOTED_INCLUDE_IN_FRAMEWORK_HEADER = YES;
				CLANG_WARN_RANGE_LOOP_ANALYSIS = YES;
				CLANG_WARN_STRICT_PROTOTYPES = YES;
				CLANG_WARN_SUSPICIOUS_MOVE = YES;
				CLANG_WARN_UNGUARDED_AVAILABILITY = YES_AGGRESSIVE;
				CLANG_WARN_UNREACHABLE_CODE = YES;
				CLANG_WARN__DUPLICATE_METHOD_MATCH = YES;
				COPY_PHASE_STRIP = NO;
				DEBUG_INFORMATION_FORMAT = dwarf;
				ENABLE_STRICT_OBJC_MSGSEND = YES;
				ENABLE_TESTABILITY = YES;
				GCC_C_LANGUAGE_STANDARD = gnu11;
				GCC_DYNAMIC_NO_PIC = NO;
				GCC_NO_COMMON_BLOCKS = YES;
				GCC_OPTIMIZATION_LEVEL = 0;
				GCC_PREPROCESSOR_DEFINITIONS = (
					"DEBUG=1",
					"$(inherited)",
				);
				GCC_WARN_64_TO_32_BIT_CONVERSION = YES;
				GCC_WARN_ABOUT_RETURN_TYPE = YES_ERROR;
				GCC_WARN_UNDECLARED_SELECTOR = YES;
				GCC_WARN_UNINITIALIZED_AUTOS = YES_AGGRESSIVE;
				GCC_WARN_UNUSED_FUNCTION = YES;
				GCC_WARN_UNUSED_VARIABLE = YES;
				IPHONEOS_DEPLOYMENT_TARGET = 14.5;
				MTL_ENABLE_DEBUG_INFO = INCLUDE_SOURCE;
				MTL_FAST_MATH = YES;
				ONLY_ACTIVE_ARCH = YES;
				SDKROOT = iphoneos;
				SWIFT_ACTIVE_COMPILATION_CONDITIONS = DEBUG;
				SWIFT_OPTIMIZATION_LEVEL = "-Onone";
			};
			name = Debug;
		};
		019D54CC26635BD400E4BB86 /* Release */ = {
			isa = XCBuildConfiguration;
			buildSettings = {
				ALWAYS_SEARCH_USER_PATHS = NO;
				CLANG_ANALYZER_NONNULL = YES;
				CLANG_ANALYZER_NUMBER_OBJECT_CONVERSION = YES_AGGRESSIVE;
				CLANG_CXX_LANGUAGE_STANDARD = "gnu++14";
				CLANG_CXX_LIBRARY = "libc++";
				CLANG_ENABLE_MODULES = YES;
				CLANG_ENABLE_OBJC_ARC = YES;
				CLANG_ENABLE_OBJC_WEAK = YES;
				CLANG_WARN_BLOCK_CAPTURE_AUTORELEASING = YES;
				CLANG_WARN_BOOL_CONVERSION = YES;
				CLANG_WARN_COMMA = YES;
				CLANG_WARN_CONSTANT_CONVERSION = YES;
				CLANG_WARN_DEPRECATED_OBJC_IMPLEMENTATIONS = YES;
				CLANG_WARN_DIRECT_OBJC_ISA_USAGE = YES_ERROR;
				CLANG_WARN_DOCUMENTATION_COMMENTS = YES;
				CLANG_WARN_EMPTY_BODY = YES;
				CLANG_WARN_ENUM_CONVERSION = YES;
				CLANG_WARN_INFINITE_RECURSION = YES;
				CLANG_WARN_INT_CONVERSION = YES;
				CLANG_WARN_NON_LITERAL_NULL_CONVERSION = YES;
				CLANG_WARN_OBJC_IMPLICIT_RETAIN_SELF = YES;
				CLANG_WARN_OBJC_LITERAL_CONVERSION = YES;
				CLANG_WARN_OBJC_ROOT_CLASS = YES_ERROR;
				CLANG_WARN_QUOTED_INCLUDE_IN_FRAMEWORK_HEADER = YES;
				CLANG_WARN_RANGE_LOOP_ANALYSIS = YES;
				CLANG_WARN_STRICT_PROTOTYPES = YES;
				CLANG_WARN_SUSPICIOUS_MOVE = YES;
				CLANG_WARN_UNGUARDED_AVAILABILITY = YES_AGGRESSIVE;
				CLANG_WARN_UNREACHABLE_CODE = YES;
				CLANG_WARN__DUPLICATE_METHOD_MATCH = YES;
				COPY_PHASE_STRIP = NO;
				DEBUG_INFORMATION_FORMAT = "dwarf-with-dsym";
				ENABLE_NS_ASSERTIONS = NO;
				ENABLE_STRICT_OBJC_MSGSEND = YES;
				GCC_C_LANGUAGE_STANDARD = gnu11;
				GCC_NO_COMMON_BLOCKS = YES;
				GCC_WARN_64_TO_32_BIT_CONVERSION = YES;
				GCC_WARN_ABOUT_RETURN_TYPE = YES_ERROR;
				GCC_WARN_UNDECLARED_SELECTOR = YES;
				GCC_WARN_UNINITIALIZED_AUTOS = YES_AGGRESSIVE;
				GCC_WARN_UNUSED_FUNCTION = YES;
				GCC_WARN_UNUSED_VARIABLE = YES;
				IPHONEOS_DEPLOYMENT_TARGET = 14.5;
				MTL_ENABLE_DEBUG_INFO = NO;
				MTL_FAST_MATH = YES;
				SDKROOT = iphoneos;
				SWIFT_COMPILATION_MODE = wholemodule;
				SWIFT_OPTIMIZATION_LEVEL = "-O";
				VALIDATE_PRODUCT = YES;
			};
			name = Release;
		};
		019D54CE26635BD400E4BB86 /* Debug */ = {
			isa = XCBuildConfiguration;
			buildSettings = {
				ASSETCATALOG_COMPILER_APPICON_NAME = AppIcon;
				ASSETCATALOG_COMPILER_GLOBAL_ACCENT_COLOR_NAME = AccentColor;
				CODE_SIGN_STYLE = Automatic;
				DEVELOPMENT_TEAM = PM79C3BXFD;
				INFOPLIST_FILE = quotebook/Info.plist;
				LD_RUNPATH_SEARCH_PATHS = (
					"$(inherited)",
					"@executable_path/Frameworks",
				);
				PRODUCT_BUNDLE_IDENTIFIER = "Shyam-Kumar.quotebook";
				PRODUCT_NAME = "$(TARGET_NAME)";
				SWIFT_VERSION = 5.0;
				TARGETED_DEVICE_FAMILY = 1;
			};
			name = Debug;
		};
		019D54CF26635BD400E4BB86 /* Release */ = {
			isa = XCBuildConfiguration;
			buildSettings = {
				ASSETCATALOG_COMPILER_APPICON_NAME = AppIcon;
				ASSETCATALOG_COMPILER_GLOBAL_ACCENT_COLOR_NAME = AccentColor;
				CODE_SIGN_STYLE = Automatic;
				DEVELOPMENT_TEAM = PM79C3BXFD;
				INFOPLIST_FILE = quotebook/Info.plist;
				LD_RUNPATH_SEARCH_PATHS = (
					"$(inherited)",
					"@executable_path/Frameworks",
				);
				PRODUCT_BUNDLE_IDENTIFIER = "Shyam-Kumar.quotebook";
				PRODUCT_NAME = "$(TARGET_NAME)";
				SWIFT_VERSION = 5.0;
				TARGETED_DEVICE_FAMILY = 1;
			};
			name = Release;
		};
		019D54D126635BD400E4BB86 /* Debug */ = {
			isa = XCBuildConfiguration;
			buildSettings = {
				ALWAYS_EMBED_SWIFT_STANDARD_LIBRARIES = YES;
				BUNDLE_LOADER = "$(TEST_HOST)";
				CODE_SIGN_STYLE = Automatic;
				DEVELOPMENT_TEAM = PM79C3BXFD;
				INFOPLIST_FILE = quotebookTests/Info.plist;
				IPHONEOS_DEPLOYMENT_TARGET = 14.5;
				LD_RUNPATH_SEARCH_PATHS = (
					"$(inherited)",
					"@executable_path/Frameworks",
					"@loader_path/Frameworks",
				);
				PRODUCT_BUNDLE_IDENTIFIER = "Shyam-Kumar.quotebookTests";
				PRODUCT_NAME = "$(TARGET_NAME)";
				SWIFT_VERSION = 5.0;
				TARGETED_DEVICE_FAMILY = "1,2";
				TEST_HOST = "$(BUILT_PRODUCTS_DIR)/quotebook.app/quotebook";
			};
			name = Debug;
		};
		019D54D226635BD400E4BB86 /* Release */ = {
			isa = XCBuildConfiguration;
			buildSettings = {
				ALWAYS_EMBED_SWIFT_STANDARD_LIBRARIES = YES;
				BUNDLE_LOADER = "$(TEST_HOST)";
				CODE_SIGN_STYLE = Automatic;
				DEVELOPMENT_TEAM = PM79C3BXFD;
				INFOPLIST_FILE = quotebookTests/Info.plist;
				IPHONEOS_DEPLOYMENT_TARGET = 14.5;
				LD_RUNPATH_SEARCH_PATHS = (
					"$(inherited)",
					"@executable_path/Frameworks",
					"@loader_path/Frameworks",
				);
				PRODUCT_BUNDLE_IDENTIFIER = "Shyam-Kumar.quotebookTests";
				PRODUCT_NAME = "$(TARGET_NAME)";
				SWIFT_VERSION = 5.0;
				TARGETED_DEVICE_FAMILY = "1,2";
				TEST_HOST = "$(BUILT_PRODUCTS_DIR)/quotebook.app/quotebook";
			};
			name = Release;
		};
		019D54D426635BD400E4BB86 /* Debug */ = {
			isa = XCBuildConfiguration;
			buildSettings = {
				ALWAYS_EMBED_SWIFT_STANDARD_LIBRARIES = YES;
				CODE_SIGN_STYLE = Automatic;
				DEVELOPMENT_TEAM = PM79C3BXFD;
				INFOPLIST_FILE = quotebookUITests/Info.plist;
				LD_RUNPATH_SEARCH_PATHS = (
					"$(inherited)",
					"@executable_path/Frameworks",
					"@loader_path/Frameworks",
				);
				PRODUCT_BUNDLE_IDENTIFIER = "Shyam-Kumar.quotebookUITests";
				PRODUCT_NAME = "$(TARGET_NAME)";
				SWIFT_VERSION = 5.0;
				TARGETED_DEVICE_FAMILY = "1,2";
				TEST_TARGET_NAME = quotebook;
			};
			name = Debug;
		};
		019D54D526635BD400E4BB86 /* Release */ = {
			isa = XCBuildConfiguration;
			buildSettings = {
				ALWAYS_EMBED_SWIFT_STANDARD_LIBRARIES = YES;
				CODE_SIGN_STYLE = Automatic;
				DEVELOPMENT_TEAM = PM79C3BXFD;
				INFOPLIST_FILE = quotebookUITests/Info.plist;
				LD_RUNPATH_SEARCH_PATHS = (
					"$(inherited)",
					"@executable_path/Frameworks",
					"@loader_path/Frameworks",
				);
				PRODUCT_BUNDLE_IDENTIFIER = "Shyam-Kumar.quotebookUITests";
				PRODUCT_NAME = "$(TARGET_NAME)";
				SWIFT_VERSION = 5.0;
				TARGETED_DEVICE_FAMILY = "1,2";
				TEST_TARGET_NAME = quotebook;
			};
			name = Release;
		};
/* End XCBuildConfiguration section */

/* Begin XCConfigurationList section */
		019D549B26635BD200E4BB86 /* Build configuration list for PBXProject "quotebook" */ = {
			isa = XCConfigurationList;
			buildConfigurations = (
				019D54CB26635BD400E4BB86 /* Debug */,
				019D54CC26635BD400E4BB86 /* Release */,
			);
			defaultConfigurationIsVisible = 0;
			defaultConfigurationName = Release;
		};
		019D54CD26635BD400E4BB86 /* Build configuration list for PBXNativeTarget "quotebook" */ = {
			isa = XCConfigurationList;
			buildConfigurations = (
				019D54CE26635BD400E4BB86 /* Debug */,
				019D54CF26635BD400E4BB86 /* Release */,
			);
			defaultConfigurationIsVisible = 0;
			defaultConfigurationName = Release;
		};
		019D54D026635BD400E4BB86 /* Build configuration list for PBXNativeTarget "quotebookTests" */ = {
			isa = XCConfigurationList;
			buildConfigurations = (
				019D54D126635BD400E4BB86 /* Debug */,
				019D54D226635BD400E4BB86 /* Release */,
			);
			defaultConfigurationIsVisible = 0;
			defaultConfigurationName = Release;
		};
		019D54D326635BD400E4BB86 /* Build configuration list for PBXNativeTarget "quotebookUITests" */ = {
			isa = XCConfigurationList;
			buildConfigurations = (
				019D54D426635BD400E4BB86 /* Debug */,
				019D54D526635BD400E4BB86 /* Release */,
			);
			defaultConfigurationIsVisible = 0;
			defaultConfigurationName = Release;
		};
/* End XCConfigurationList section */

/* Begin XCVersionGroup section */
		019D54AC26635BD200E4BB86 /* quotebook.xcdatamodeld */ = {
			isa = XCVersionGroup;
			children = (
				019D54AD26635BD200E4BB86 /* quotebook.xcdatamodel */,
			);
			currentVersion = 019D54AD26635BD200E4BB86 /* quotebook.xcdatamodel */;
			path = quotebook.xcdatamodeld;
			sourceTree = "<group>";
			versionGroupType = wrapper.xcdatamodel;
		};
/* End XCVersionGroup section */
	};
	rootObject = 019D549826635BD200E4BB86 /* Project object */;
}
